
Microsoft Visual Studio Solution File, Format Version 12.00
# Visual Studio Version 16
VisualStudioVersion = 16.0.30503.244
MinimumVisualStudioVersion = 10.0.40219.1
Project("{FAE04EC0-301F-11D3-BF4B-00C04F79EFBC}") = "BloodBank", "BloodBank\BloodBank.csproj", "{F5B75C2C-9A75-4044-9E1B-FB076FD5EA38}"
EndProject
Global
	GlobalSection(SolutionConfigurationPlatforms) = preSolution
		Debug|Any CPU = Debug|Any CPU
		Release|Any CPU = Release|Any CPU
	EndGlobalSection
	GlobalSection(ProjectConfigurationPlatforms) = postSolution
		{F5B75C2C-9A75-4044-9E1B-FB076FD5EA38}.Debug|Any CPU.ActiveCfg = Debug|Any CPU
		{F5B75C2C-9A75-4044-9E1B-FB076FD5EA38}.Debug|Any CPU.Build.0 = Debug|Any CPU
		{F5B75C2C-9A75-4044-9E1B-FB076FD5EA38}.Release|Any CPU.ActiveCfg = Release|Any CPU
		{F5B75C2C-9A75-4044-9E1B-FB076FD5EA38}.Release|Any CPU.Build.0 = Release|Any CPU
	EndGlobalSection
	GlobalSection(SolutionProperties) = preSolution
		HideSolutionNode = FALSE
	EndGlobalSection
	GlobalSection(ExtensibilityGlobals) = postSolution
		SolutionGuid = {92D6C2F5-7577-4BEE-806B-E60E5CB75825}
	EndGlobalSection
EndGlobal
